// !$*UTF8*$!
{
	archiveVersion = 1;
	classes = {
	};
	objectVersion = 50;
	objects = {

/* Begin PBXBuildFile section */
		784DFE062735411B00337B53 /* MatchSigningApp.swift in Sources */ = {isa = PBXBuildFile; fileRef = 784DFE052735411B00337B53 /* MatchSigningApp.swift */; };
		784DFE082735411B00337B53 /* ContentView.swift in Sources */ = {isa = PBXBuildFile; fileRef = 784DFE072735411B00337B53 /* ContentView.swift */; };
		784DFE0A2735411C00337B53 /* Assets.xcassets in Resources */ = {isa = PBXBuildFile; fileRef = 784DFE092735411C00337B53 /* Assets.xcassets */; };
		784DFE0D2735411C00337B53 /* Preview Assets.xcassets in Resources */ = {isa = PBXBuildFile; fileRef = 784DFE0C2735411C00337B53 /* Preview Assets.xcassets */; };
		784DFE182735411C00337B53 /* MatchSigningTests.swift in Sources */ = {isa = PBXBuildFile; fileRef = 784DFE172735411C00337B53 /* MatchSigningTests.swift */; };
		784DFE232735411C00337B53 /* MatchSigningUITests.swift in Sources */ = {isa = PBXBuildFile; fileRef = 784DFE222735411C00337B53 /* MatchSigningUITests.swift */; };
/* End PBXBuildFile section */

/* Begin PBXContainerItemProxy section */
		784DFE142735411C00337B53 /* PBXContainerItemProxy */ = {
			isa = PBXContainerItemProxy;
			containerPortal = 784DFDFA2735411B00337B53 /* Project object */;
			proxyType = 1;
			remoteGlobalIDString = 784DFE012735411B00337B53;
			remoteInfo = MatchSigning;
		};
		784DFE1F2735411C00337B53 /* PBXContainerItemProxy */ = {
			isa = PBXContainerItemProxy;
			containerPortal = 784DFDFA2735411B00337B53 /* Project object */;
			proxyType = 1;
			remoteGlobalIDString = 784DFE012735411B00337B53;
			remoteInfo = MatchSigning;
		};
/* End PBXContainerItemProxy section */

/* Begin PBXFileReference section */
		784DFE022735411B00337B53 /* MatchSigning.app */ = {isa = PBXFileReference; explicitFileType = wrapper.application; includeInIndex = 0; path = MatchSigning.app; sourceTree = BUILT_PRODUCTS_DIR; };
		784DFE052735411B00337B53 /* MatchSigningApp.swift */ = {isa = PBXFileReference; lastKnownFileType = sourcecode.swift; path = MatchSigningApp.swift; sourceTree = "<group>"; };
		784DFE072735411B00337B53 /* ContentView.swift */ = {isa = PBXFileReference; lastKnownFileType = sourcecode.swift; path = ContentView.swift; sourceTree = "<group>"; };
		784DFE092735411C00337B53 /* Assets.xcassets */ = {isa = PBXFileReference; lastKnownFileType = folder.assetcatalog; path = Assets.xcassets; sourceTree = "<group>"; };
		784DFE0C2735411C00337B53 /* Preview Assets.xcassets */ = {isa = PBXFileReference; lastKnownFileType = folder.assetcatalog; path = "Preview Assets.xcassets"; sourceTree = "<group>"; };
		784DFE0E2735411C00337B53 /* Info.plist */ = {isa = PBXFileReference; lastKnownFileType = text.plist.xml; path = Info.plist; sourceTree = "<group>"; };
		784DFE132735411C00337B53 /* MatchSigningTests.xctest */ = {isa = PBXFileReference; explicitFileType = wrapper.cfbundle; includeInIndex = 0; path = MatchSigningTests.xctest; sourceTree = BUILT_PRODUCTS_DIR; };
		784DFE172735411C00337B53 /* MatchSigningTests.swift */ = {isa = PBXFileReference; lastKnownFileType = sourcecode.swift; path = MatchSigningTests.swift; sourceTree = "<group>"; };
		784DFE192735411C00337B53 /* Info.plist */ = {isa = PBXFileReference; lastKnownFileType = text.plist.xml; path = Info.plist; sourceTree = "<group>"; };
		784DFE1E2735411C00337B53 /* MatchSigningUITests.xctest */ = {isa = PBXFileReference; explicitFileType = wrapper.cfbundle; includeInIndex = 0; path = MatchSigningUITests.xctest; sourceTree = BUILT_PRODUCTS_DIR; };
		784DFE222735411C00337B53 /* MatchSigningUITests.swift */ = {isa = PBXFileReference; lastKnownFileType = sourcecode.swift; path = MatchSigningUITests.swift; sourceTree = "<group>"; };
		784DFE242735411C00337B53 /* Info.plist */ = {isa = PBXFileReference; lastKnownFileType = text.plist.xml; path = Info.plist; sourceTree = "<group>"; };
/* End PBXFileReference section */

/* Begin PBXFrameworksBuildPhase section */
		784DFDFF2735411B00337B53 /* Frameworks */ = {
			isa = PBXFrameworksBuildPhase;
			buildActionMask = 2147483647;
			files = (
			);
			runOnlyForDeploymentPostprocessing = 0;
		};
		784DFE102735411C00337B53 /* Frameworks */ = {
			isa = PBXFrameworksBuildPhase;
			buildActionMask = 2147483647;
			files = (
			);
			runOnlyForDeploymentPostprocessing = 0;
		};
		784DFE1B2735411C00337B53 /* Frameworks */ = {
			isa = PBXFrameworksBuildPhase;
			buildActionMask = 2147483647;
			files = (
			);
			runOnlyForDeploymentPostprocessing = 0;
		};
/* End PBXFrameworksBuildPhase section */

/* Begin PBXGroup section */
		784DFDF92735411B00337B53 = {
			isa = PBXGroup;
			children = (
				784DFE042735411B00337B53 /* MatchSigning */,
				784DFE162735411C00337B53 /* MatchSigningTests */,
				784DFE212735411C00337B53 /* MatchSigningUITests */,
				784DFE032735411B00337B53 /* Products */,
			);
			sourceTree = "<group>";
		};
		784DFE032735411B00337B53 /* Products */ = {
			isa = PBXGroup;
			children = (
				784DFE022735411B00337B53 /* MatchSigning.app */,
				784DFE132735411C00337B53 /* MatchSigningTests.xctest */,
				784DFE1E2735411C00337B53 /* MatchSigningUITests.xctest */,
			);
			name = Products;
			sourceTree = "<group>";
		};
		784DFE042735411B00337B53 /* MatchSigning */ = {
			isa = PBXGroup;
			children = (
				784DFE052735411B00337B53 /* MatchSigningApp.swift */,
				784DFE072735411B00337B53 /* ContentView.swift */,
				784DFE092735411C00337B53 /* Assets.xcassets */,
				784DFE0E2735411C00337B53 /* Info.plist */,
				784DFE0B2735411C00337B53 /* Preview Content */,
			);
			path = MatchSigning;
			sourceTree = "<group>";
		};
		784DFE0B2735411C00337B53 /* Preview Content */ = {
			isa = PBXGroup;
			children = (
				784DFE0C2735411C00337B53 /* Preview Assets.xcassets */,
			);
			path = "Preview Content";
			sourceTree = "<group>";
		};
		784DFE162735411C00337B53 /* MatchSigningTests */ = {
			isa = PBXGroup;
			children = (
				784DFE172735411C00337B53 /* MatchSigningTests.swift */,
				784DFE192735411C00337B53 /* Info.plist */,
			);
			path = MatchSigningTests;
			sourceTree = "<group>";
		};
		784DFE212735411C00337B53 /* MatchSigningUITests */ = {
			isa = PBXGroup;
			children = (
				784DFE222735411C00337B53 /* MatchSigningUITests.swift */,
				784DFE242735411C00337B53 /* Info.plist */,
			);
			path = MatchSigningUITests;
			sourceTree = "<group>";
		};
/* End PBXGroup section */

/* Begin PBXNativeTarget section */
		784DFE012735411B00337B53 /* MatchSigning */ = {
			isa = PBXNativeTarget;
			buildConfigurationList = 784DFE272735411C00337B53 /* Build configuration list for PBXNativeTarget "MatchSigning" */;
			buildPhases = (
				784DFDFE2735411B00337B53 /* Sources */,
				784DFDFF2735411B00337B53 /* Frameworks */,
				784DFE002735411B00337B53 /* Resources */,
			);
			buildRules = (
			);
			dependencies = (
			);
			name = MatchSigning;
			productName = MatchSigning;
			productReference = 784DFE022735411B00337B53 /* MatchSigning.app */;
			productType = "com.apple.product-type.application";
		};
		784DFE122735411C00337B53 /* MatchSigningTests */ = {
			isa = PBXNativeTarget;
			buildConfigurationList = 784DFE2A2735411C00337B53 /* Build configuration list for PBXNativeTarget "MatchSigningTests" */;
			buildPhases = (
				784DFE0F2735411C00337B53 /* Sources */,
				784DFE102735411C00337B53 /* Frameworks */,
				784DFE112735411C00337B53 /* Resources */,
			);
			buildRules = (
			);
			dependencies = (
				784DFE152735411C00337B53 /* PBXTargetDependency */,
			);
			name = MatchSigningTests;
			productName = MatchSigningTests;
			productReference = 784DFE132735411C00337B53 /* MatchSigningTests.xctest */;
			productType = "com.apple.product-type.bundle.unit-test";
		};
		784DFE1D2735411C00337B53 /* MatchSigningUITests */ = {
			isa = PBXNativeTarget;
			buildConfigurationList = 784DFE2D2735411C00337B53 /* Build configuration list for PBXNativeTarget "MatchSigningUITests" */;
			buildPhases = (
				784DFE1A2735411C00337B53 /* Sources */,
				784DFE1B2735411C00337B53 /* Frameworks */,
				784DFE1C2735411C00337B53 /* Resources */,
			);
			buildRules = (
			);
			dependencies = (
				784DFE202735411C00337B53 /* PBXTargetDependency */,
			);
			name = MatchSigningUITests;
			productName = MatchSigningUITests;
			productReference = 784DFE1E2735411C00337B53 /* MatchSigningUITests.xctest */;
			productType = "com.apple.product-type.bundle.ui-testing";
		};
/* End PBXNativeTarget section */

/* Begin PBXProject section */
		784DFDFA2735411B00337B53 /* Project object */ = {
			isa = PBXProject;
			attributes = {
				LastSwiftUpdateCheck = 1250;
				LastUpgradeCheck = 1250;
				TargetAttributes = {
					784DFE012735411B00337B53 = {
						CreatedOnToolsVersion = 12.5.1;
					};
					784DFE122735411C00337B53 = {
						CreatedOnToolsVersion = 12.5.1;
						TestTargetID = 784DFE012735411B00337B53;
					};
					784DFE1D2735411C00337B53 = {
						CreatedOnToolsVersion = 12.5.1;
						TestTargetID = 784DFE012735411B00337B53;
					};
				};
			};
			buildConfigurationList = 784DFDFD2735411B00337B53 /* Build configuration list for PBXProject "MatchSigning" */;
			compatibilityVersion = "Xcode 9.3";
			developmentRegion = en;
			hasScannedForEncodings = 0;
			knownRegions = (
				en,
				Base,
			);
			mainGroup = 784DFDF92735411B00337B53;
			productRefGroup = 784DFE032735411B00337B53 /* Products */;
			projectDirPath = "";
			projectRoot = "";
			targets = (
				784DFE012735411B00337B53 /* MatchSigning */,
				784DFE122735411C00337B53 /* MatchSigningTests */,
				784DFE1D2735411C00337B53 /* MatchSigningUITests */,
			);
		};
/* End PBXProject section */

/* Begin PBXResourcesBuildPhase section */
		784DFE002735411B00337B53 /* Resources */ = {
			isa = PBXResourcesBuildPhase;
			buildActionMask = 2147483647;
			files = (
				784DFE0D2735411C00337B53 /* Preview Assets.xcassets in Resources */,
				784DFE0A2735411C00337B53 /* Assets.xcassets in Resources */,
			);
			runOnlyForDeploymentPostprocessing = 0;
		};
		784DFE112735411C00337B53 /* Resources */ = {
			isa = PBXResourcesBuildPhase;
			buildActionMask = 2147483647;
			files = (
			);
			runOnlyForDeploymentPostprocessing = 0;
		};
		784DFE1C2735411C00337B53 /* Resources */ = {
			isa = PBXResourcesBuildPhase;
			buildActionMask = 2147483647;
			files = (
			);
			runOnlyForDeploymentPostprocessing = 0;
		};
/* End PBXResourcesBuildPhase section */

/* Begin PBXSourcesBuildPhase section */
		784DFDFE2735411B00337B53 /* Sources */ = {
			isa = PBXSourcesBuildPhase;
			buildActionMask = 2147483647;
			files = (
				784DFE082735411B00337B53 /* ContentView.swift in Sources */,
				784DFE062735411B00337B53 /* MatchSigningApp.swift in Sources */,
			);
			runOnlyForDeploymentPostprocessing = 0;
		};
		784DFE0F2735411C00337B53 /* Sources */ = {
			isa = PBXSourcesBuildPhase;
			buildActionMask = 2147483647;
			files = (
				784DFE182735411C00337B53 /* MatchSigningTests.swift in Sources */,
			);
			runOnlyForDeploymentPostprocessing = 0;
		};
		784DFE1A2735411C00337B53 /* Sources */ = {
			isa = PBXSourcesBuildPhase;
			buildActionMask = 2147483647;
			files = (
				784DFE232735411C00337B53 /* MatchSigningUITests.swift in Sources */,
			);
			runOnlyForDeploymentPostprocessing = 0;
		};
/* End PBXSourcesBuildPhase section */

/* Begin PBXTargetDependency section */
		784DFE152735411C00337B53 /* PBXTargetDependency */ = {
			isa = PBXTargetDependency;
			target = 784DFE012735411B00337B53 /* MatchSigning */;
			targetProxy = 784DFE142735411C00337B53 /* PBXContainerItemProxy */;
		};
		784DFE202735411C00337B53 /* PBXTargetDependency */ = {
			isa = PBXTargetDependency;
			target = 784DFE012735411B00337B53 /* MatchSigning */;
			targetProxy = 784DFE1F2735411C00337B53 /* PBXContainerItemProxy */;
		};
/* End PBXTargetDependency section */

/* Begin XCBuildConfiguration section */
		784DFE252735411C00337B53 /* Debug */ = {
			isa = XCBuildConfiguration;
			buildSettings = {
				ALWAYS_SEARCH_USER_PATHS = NO;
				CLANG_ANALYZER_NONNULL = YES;
				CLANG_ANALYZER_NUMBER_OBJECT_CONVERSION = YES_AGGRESSIVE;
				CLANG_CXX_LANGUAGE_STANDARD = "gnu++14";
				CLANG_CXX_LIBRARY = "libc++";
				CLANG_ENABLE_MODULES = YES;
				CLANG_ENABLE_OBJC_ARC = YES;
				CLANG_ENABLE_OBJC_WEAK = YES;
				CLANG_WARN_BLOCK_CAPTURE_AUTORELEASING = YES;
				CLANG_WARN_BOOL_CONVERSION = YES;
				CLANG_WARN_COMMA = YES;
				CLANG_WARN_CONSTANT_CONVERSION = YES;
				CLANG_WARN_DEPRECATED_OBJC_IMPLEMENTATIONS = YES;
				CLANG_WARN_DIRECT_OBJC_ISA_USAGE = YES_ERROR;
				CLANG_WARN_DOCUMENTATION_COMMENTS = YES;
				CLANG_WARN_EMPTY_BODY = YES;
				CLANG_WARN_ENUM_CONVERSION = YES;
				CLANG_WARN_INFINITE_RECURSION = YES;
				CLANG_WARN_INT_CONVERSION = YES;
				CLANG_WARN_NON_LITERAL_NULL_CONVERSION = YES;
				CLANG_WARN_OBJC_IMPLICIT_RETAIN_SELF = YES;
				CLANG_WARN_OBJC_LITERAL_CONVERSION = YES;
				CLANG_WARN_OBJC_ROOT_CLASS = YES_ERROR;
				CLANG_WARN_QUOTED_INCLUDE_IN_FRAMEWORK_HEADER = YES;
				CLANG_WARN_RANGE_LOOP_ANALYSIS = YES;
				CLANG_WARN_STRICT_PROTOTYPES = YES;
				CLANG_WARN_SUSPICIOUS_MOVE = YES;
				CLANG_WARN_UNGUARDED_AVAILABILITY = YES_AGGRESSIVE;
				CLANG_WARN_UNREACHABLE_CODE = YES;
				CLANG_WARN__DUPLICATE_METHOD_MATCH = YES;
				COPY_PHASE_STRIP = NO;
				DEBUG_INFORMATION_FORMAT = dwarf;
				ENABLE_STRICT_OBJC_MSGSEND = YES;
				ENABLE_TESTABILITY = YES;
				GCC_C_LANGUAGE_STANDARD = gnu11;
				GCC_DYNAMIC_NO_PIC = NO;
				GCC_NO_COMMON_BLOCKS = YES;
				GCC_OPTIMIZATION_LEVEL = 0;
				GCC_PREPROCESSOR_DEFINITIONS = (
					"DEBUG=1",
					"$(inherited)",
				);
				GCC_WARN_64_TO_32_BIT_CONVERSION = YES;
				GCC_WARN_ABOUT_RETURN_TYPE = YES_ERROR;
				GCC_WARN_UNDECLARED_SELECTOR = YES;
				GCC_WARN_UNINITIALIZED_AUTOS = YES_AGGRESSIVE;
				GCC_WARN_UNUSED_FUNCTION = YES;
				GCC_WARN_UNUSED_VARIABLE = YES;
				IPHONEOS_DEPLOYMENT_TARGET = 14.5;
				MTL_ENABLE_DEBUG_INFO = INCLUDE_SOURCE;
				MTL_FAST_MATH = YES;
				ONLY_ACTIVE_ARCH = YES;
				SDKROOT = iphoneos;
				SWIFT_ACTIVE_COMPILATION_CONDITIONS = DEBUG;
				SWIFT_OPTIMIZATION_LEVEL = "-Onone";
			};
			name = Debug;
		};
		784DFE262735411C00337B53 /* Release */ = {
			isa = XCBuildConfiguration;
			buildSettings = {
				ALWAYS_SEARCH_USER_PATHS = NO;
				CLANG_ANALYZER_NONNULL = YES;
				CLANG_ANALYZER_NUMBER_OBJECT_CONVERSION = YES_AGGRESSIVE;
				CLANG_CXX_LANGUAGE_STANDARD = "gnu++14";
				CLANG_CXX_LIBRARY = "libc++";
				CLANG_ENABLE_MODULES = YES;
				CLANG_ENABLE_OBJC_ARC = YES;
				CLANG_ENABLE_OBJC_WEAK = YES;
				CLANG_WARN_BLOCK_CAPTURE_AUTORELEASING = YES;
				CLANG_WARN_BOOL_CONVERSION = YES;
				CLANG_WARN_COMMA = YES;
				CLANG_WARN_CONSTANT_CONVERSION = YES;
				CLANG_WARN_DEPRECATED_OBJC_IMPLEMENTATIONS = YES;
				CLANG_WARN_DIRECT_OBJC_ISA_USAGE = YES_ERROR;
				CLANG_WARN_DOCUMENTATION_COMMENTS = YES;
				CLANG_WARN_EMPTY_BODY = YES;
				CLANG_WARN_ENUM_CONVERSION = YES;
				CLANG_WARN_INFINITE_RECURSION = YES;
				CLANG_WARN_INT_CONVERSION = YES;
				CLANG_WARN_NON_LITERAL_NULL_CONVERSION = YES;
				CLANG_WARN_OBJC_IMPLICIT_RETAIN_SELF = YES;
				CLANG_WARN_OBJC_LITERAL_CONVERSION = YES;
				CLANG_WARN_OBJC_ROOT_CLASS = YES_ERROR;
				CLANG_WARN_QUOTED_INCLUDE_IN_FRAMEWORK_HEADER = YES;
				CLANG_WARN_RANGE_LOOP_ANALYSIS = YES;
				CLANG_WARN_STRICT_PROTOTYPES = YES;
				CLANG_WARN_SUSPICIOUS_MOVE = YES;
				CLANG_WARN_UNGUARDED_AVAILABILITY = YES_AGGRESSIVE;
				CLANG_WARN_UNREACHABLE_CODE = YES;
				CLANG_WARN__DUPLICATE_METHOD_MATCH = YES;
				COPY_PHASE_STRIP = NO;
				DEBUG_INFORMATION_FORMAT = "dwarf-with-dsym";
				ENABLE_NS_ASSERTIONS = NO;
				ENABLE_STRICT_OBJC_MSGSEND = YES;
				GCC_C_LANGUAGE_STANDARD = gnu11;
				GCC_NO_COMMON_BLOCKS = YES;
				GCC_WARN_64_TO_32_BIT_CONVERSION = YES;
				GCC_WARN_ABOUT_RETURN_TYPE = YES_ERROR;
				GCC_WARN_UNDECLARED_SELECTOR = YES;
				GCC_WARN_UNINITIALIZED_AUTOS = YES_AGGRESSIVE;
				GCC_WARN_UNUSED_FUNCTION = YES;
				GCC_WARN_UNUSED_VARIABLE = YES;
				IPHONEOS_DEPLOYMENT_TARGET = 14.5;
				MTL_ENABLE_DEBUG_INFO = NO;
				MTL_FAST_MATH = YES;
				SDKROOT = iphoneos;
				SWIFT_COMPILATION_MODE = wholemodule;
				SWIFT_OPTIMIZATION_LEVEL = "-O";
				VALIDATE_PRODUCT = YES;
			};
			name = Release;
		};
		784DFE282735411C00337B53 /* Debug */ = {
			isa = XCBuildConfiguration;
			buildSettings = {
				ASSETCATALOG_COMPILER_APPICON_NAME = AppIcon;
				ASSETCATALOG_COMPILER_GLOBAL_ACCENT_COLOR_NAME = AccentColor;
				CODE_SIGN_IDENTITY = "Apple Development";
				CODE_SIGN_STYLE = Automatic;
				DEVELOPMENT_ASSET_PATHS = "\"MatchSigning/Preview Content\"";
				DEVELOPMENT_TEAM = KMS44XX4P2;
				ENABLE_PREVIEWS = YES;
				INFOPLIST_FILE = MatchSigning/Info.plist;
				IPHONEOS_DEPLOYMENT_TARGET = 14.0;
				LD_RUNPATH_SEARCH_PATHS = (
					"$(inherited)",
					"@executable_path/Frameworks",
				);
				PRODUCT_BUNDLE_IDENTIFIER = com.allyouzombies.MatchSigning;
				PRODUCT_NAME = "$(TARGET_NAME)";
				PROVISIONING_PROFILE_SPECIFIER = "";
				SWIFT_VERSION = 5.0;
				TARGETED_DEVICE_FAMILY = "1,2";
			};
			name = Debug;
		};
		784DFE292735411C00337B53 /* Release */ = {
			isa = XCBuildConfiguration;
			buildSettings = {
				ASSETCATALOG_COMPILER_APPICON_NAME = AppIcon;
				ASSETCATALOG_COMPILER_GLOBAL_ACCENT_COLOR_NAME = AccentColor;
				CODE_SIGN_IDENTITY = "Apple Development";
				CODE_SIGN_STYLE = Automatic;
				DEVELOPMENT_ASSET_PATHS = "\"MatchSigning/Preview Content\"";
				DEVELOPMENT_TEAM = KMS44XX4P2;
				ENABLE_PREVIEWS = YES;
				INFOPLIST_FILE = MatchSigning/Info.plist;
				IPHONEOS_DEPLOYMENT_TARGET = 14.0;
				LD_RUNPATH_SEARCH_PATHS = (
					"$(inherited)",
					"@executable_path/Frameworks",
				);
				PRODUCT_BUNDLE_IDENTIFIER = com.allyouzombies.MatchSigning;
				PRODUCT_NAME = "$(TARGET_NAME)";
				PROVISIONING_PROFILE_SPECIFIER = "";
				SWIFT_VERSION = 5.0;
				TARGETED_DEVICE_FAMILY = "1,2";
			};
			name = Release;
		};
		784DFE2B2735411C00337B53 /* Debug */ = {
			isa = XCBuildConfiguration;
			buildSettings = {
				ALWAYS_EMBED_SWIFT_STANDARD_LIBRARIES = YES;
				BUNDLE_LOADER = "$(TEST_HOST)";
				CODE_SIGN_IDENTITY = "iPhone Distribution";
				CODE_SIGN_STYLE = Manual;
				DEVELOPMENT_TEAM = KMS44XX4P2;
				INFOPLIST_FILE = MatchSigningTests/Info.plist;
				IPHONEOS_DEPLOYMENT_TARGET = 14.0;
				LD_RUNPATH_SEARCH_PATHS = (
					"$(inherited)",
					"@executable_path/Frameworks",
					"@loader_path/Frameworks",
				);
				PRODUCT_BUNDLE_IDENTIFIER = com.allyouzombies.MatchSigningTests;
				PRODUCT_NAME = "$(TARGET_NAME)";
				PROVISIONING_PROFILE_SPECIFIER = "match AppStore com.allyouzombies.MatchSigning";
				SWIFT_VERSION = 5.0;
				TARGETED_DEVICE_FAMILY = "1,2";
				TEST_HOST = "$(BUILT_PRODUCTS_DIR)/MatchSigning.app/MatchSigning";
			};
			name = Debug;
		};
		784DFE2C2735411C00337B53 /* Release */ = {
			isa = XCBuildConfiguration;
			buildSettings = {
				ALWAYS_EMBED_SWIFT_STANDARD_LIBRARIES = YES;
				BUNDLE_LOADER = "$(TEST_HOST)";
				CODE_SIGN_IDENTITY = "iPhone Distribution";
				CODE_SIGN_STYLE = Manual;
				DEVELOPMENT_TEAM = KMS44XX4P2;
				INFOPLIST_FILE = MatchSigningTests/Info.plist;
				IPHONEOS_DEPLOYMENT_TARGET = 14.0;
				LD_RUNPATH_SEARCH_PATHS = (
					"$(inherited)",
					"@executable_path/Frameworks",
					"@loader_path/Frameworks",
				);
				PRODUCT_BUNDLE_IDENTIFIER = com.allyouzombies.MatchSigningTests;
				PRODUCT_NAME = "$(TARGET_NAME)";
				PROVISIONING_PROFILE_SPECIFIER = "match AppStore com.allyouzombies.MatchSigning";
				SWIFT_VERSION = 5.0;
				TARGETED_DEVICE_FAMILY = "1,2";
				TEST_HOST = "$(BUILT_PRODUCTS_DIR)/MatchSigning.app/MatchSigning";
			};
			name = Release;
		};
		784DFE2E2735411C00337B53 /* Debug */ = {
			isa = XCBuildConfiguration;
			buildSettings = {
				ALWAYS_EMBED_SWIFT_STANDARD_LIBRARIES = YES;
				CODE_SIGN_IDENTITY = "iPhone Distribution";
				CODE_SIGN_STYLE = Manual;
				DEVELOPMENT_TEAM = KMS44XX4P2;
				INFOPLIST_FILE = MatchSigningUITests/Info.plist;
				LD_RUNPATH_SEARCH_PATHS = (
					"$(inherited)",
					"@executable_path/Frameworks",
					"@loader_path/Frameworks",
				);
				PRODUCT_BUNDLE_IDENTIFIER = com.allyouzombies.MatchSigningUITests;
				PRODUCT_NAME = "$(TARGET_NAME)";
				PROVISIONING_PROFILE_SPECIFIER = "match AppStore com.allyouzombies.MatchSigning";
				SWIFT_VERSION = 5.0;
				TARGETED_DEVICE_FAMILY = "1,2";
				TEST_TARGET_NAME = MatchSigning;
			};
			name = Debug;
		};
		784DFE2F2735411C00337B53 /* Release */ = {
			isa = XCBuildConfiguration;
			buildSettings = {
				ALWAYS_EMBED_SWIFT_STANDARD_LIBRARIES = YES;
				CODE_SIGN_IDENTITY = "iPhone Distribution";
				CODE_SIGN_STYLE = Manual;
				DEVELOPMENT_TEAM = KMS44XX4P2;
				INFOPLIST_FILE = MatchSigningUITests/Info.plist;
				LD_RUNPATH_SEARCH_PATHS = (
					"$(inherited)",
					"@executable_path/Frameworks",
					"@loader_path/Frameworks",
				);
				PRODUCT_BUNDLE_IDENTIFIER = com.allyouzombies.MatchSigningUITests;
				PRODUCT_NAME = "$(TARGET_NAME)";
				PROVISIONING_PROFILE_SPECIFIER = "match AppStore com.allyouzombies.MatchSigning";
				SWIFT_VERSION = 5.0;
				TARGETED_DEVICE_FAMILY = "1,2";
				TEST_TARGET_NAME = MatchSigning;
			};
			name = Release;
		};
/* End XCBuildConfiguration section */

/* Begin XCConfigurationList section */
		784DFDFD2735411B00337B53 /* Build configuration list for PBXProject "MatchSigning" */ = {
			isa = XCConfigurationList;
			buildConfigurations = (
				784DFE252735411C00337B53 /* Debug */,
				784DFE262735411C00337B53 /* Release */,
			);
			defaultConfigurationIsVisible = 0;
			defaultConfigurationName = Release;
		};
		784DFE272735411C00337B53 /* Build configuration list for PBXNativeTarget "MatchSigning" */ = {
			isa = XCConfigurationList;
			buildConfigurations = (
				784DFE282735411C00337B53 /* Debug */,
				784DFE292735411C00337B53 /* Release */,
			);
			defaultConfigurationIsVisible = 0;
			defaultConfigurationName = Release;
		};
		784DFE2A2735411C00337B53 /* Build configuration list for PBXNativeTarget "MatchSigningTests" */ = {
			isa = XCConfigurationList;
			buildConfigurations = (
				784DFE2B2735411C00337B53 /* Debug */,
				784DFE2C2735411C00337B53 /* Release */,
			);
			defaultConfigurationIsVisible = 0;
			defaultConfigurationName = Release;
		};
		784DFE2D2735411C00337B53 /* Build configuration list for PBXNativeTarget "MatchSigningUITests" */ = {
			isa = XCConfigurationList;
			buildConfigurations = (
				784DFE2E2735411C00337B53 /* Debug */,
				784DFE2F2735411C00337B53 /* Release */,
			);
			defaultConfigurationIsVisible = 0;
			defaultConfigurationName = Release;
		};
/* End XCConfigurationList section */
	};
	rootObject = 784DFDFA2735411B00337B53 /* Project object */;
}
